{
  "name": "iptv",
  "requires": true,
  "lockfileVersion": 1,
  "dependencies": {
    "axios": {
      "version": "0.21.2",
      "resolved": "https://registry.npmjs.org/axios/-/axios-0.21.2.tgz",
      "integrity": "sha512-87otirqUw3e8CzHTMO+/9kh/FSgXt/eVDvipijwDtEuwbkySWZ9SBm6VEubmJ/kLKEoLQV/POhxXFb66bfekfg==",
      "dev": true,
      "requires": {
        "follow-redirects": "^1.14.0"
      }
    },
    "follow-redirects": {
      "version": "1.15.2",
      "resolved": "https://registry.npmjs.org/follow-redirects/-/follow-redirects-1.15.2.tgz",
      "integrity": "sha512-VQLG33o04KaQ8uYi2tVNbdrWp1QWxNNea+nmIB4EVM28v0hmP17z7aG1+wAkNzVq4KeXTq3221ye5qTJP91JwA==",
      "dev": true
    },
    "m3u8-file-parser": {
      "version": "0.2.1",
      "resolved": "https://registry.npmjs.org/m3u8-file-parser/-/m3u8-file-parser-0.2.1.tgz",
      "integrity": "sha512-peEkcrq1fP2CDVgYxi5T9k0nZmnVSktOCAelD9EnAH5BP3YcLD0IggX2MVk54cMr4r6rvVSbhVFNuMAcgJEfSA==",
      "dev": true
    },
    "playlist-parser": {
      "version": "0.0.12",
      "resolved": "https://registry.npmjs.org/playlist-parser/-/playlist-parser-0.0.12.tgz",
      "integrity": "sha1-QlDlsRdxrWghOYO/m7bsq2Td9SY=",
      "dev": true,
      "requires": {
        "xmldom": "0.1.16"
      },
      "dependencies": {
        "xmldom": {
          "version": "0.1.16",
          "resolved": "https://registry.npmjs.org/xmldom/-/xmldom-0.1.16.tgz",
          "integrity": "sha1-zyYCgysatcPmgT/KCP5wGWuhXow=",
          "dev": true
        }
      }
    },
    "xmldom": {
      "version": "0.1.27",
      "resolved": "https://registry.npmjs.org/xmldom/-/xmldom-0.1.27.tgz",
      "integrity": "sha1-1QH5ezvbQDr4757MIFcxh6rawOk=",
      "dev": true
    }
  }
}
